
Microsoft Visual Studio Solution File, Format Version 12.00
# Visual Studio Version 16
VisualStudioVersion = 16.0.32929.386
MinimumVisualStudioVersion = 10.0.40219.1
Project("{FAE04EC0-301F-11D3-BF4B-00C04F79EFBC}") = "TicketSearchRequest", "TicketSearchRequest.csproj", "{018E41BE-A5A4-443D-BD8E-CA51ADA78DBE}"
EndProject
Global
	GlobalSection(SolutionConfigurationPlatforms) = preSolution
		Debug|Any CPU = Debug|Any CPU
		Release|Any CPU = Release|Any CPU
	EndGlobalSection
	GlobalSection(ProjectConfigurationPlatforms) = postSolution
		{018E41BE-A5A4-443D-BD8E-CA51ADA78DBE}.Debug|Any CPU.ActiveCfg = Debug|Any CPU
		{018E41BE-A5A4-443D-BD8E-CA51ADA78DBE}.Debug|Any CPU.Build.0 = Debug|Any CPU
		{018E41BE-A5A4-443D-BD8E-CA51ADA78DBE}.Release|Any CPU.ActiveCfg = Release|Any CPU
		{018E41BE-A5A4-443D-BD8E-CA51ADA78DBE}.Release|Any CPU.Build.0 = Release|Any CPU
	EndGlobalSection
	GlobalSection(SolutionProperties) = preSolution
		HideSolutionNode = FALSE
	EndGlobalSection
	GlobalSection(ExtensibilityGlobals) = postSolution
		SolutionGuid = {259EAF87-DF13-4014-B11D-C4A4C52C4EC7}
	EndGlobalSection
EndGlobal
